
Microsoft Visual Studio Solution File, Format Version 12.00
# Visual Studio Version 17
VisualStudioVersion = 17.5.002.0
MinimumVisualStudioVersion = 10.0.40219.1
Project("{2150E333-8FDC-42A3-9474-1A3956D46DE8}") = "csharp-prep", "csharp-prep", "{76BB0B9D-66BC-4518-860D-F7F2B1946415}"
EndProject
Project("{9A19103F-16F7-4668-BE54-9A1E7A4F7556}") = "Prep1", "csharp-prep\Prep1\Prep1.csproj", "{A06FC6E1-706A-457A-BA9C-2D5709EF2975}"
EndProject
Project("{9A19103F-16F7-4668-BE54-9A1E7A4F7556}") = "Prep2", "csharp-prep\Prep2\Prep2.csproj", "{945E9A27-39EE-48C4-8B5E-2CEDA1E2464F}"
EndProject
Project("{9A19103F-16F7-4668-BE54-9A1E7A4F7556}") = "Prep3", "csharp-prep\Prep3\Prep3.csproj", "{FDAF06FE-A2AA-4680-9319-3AD52AD1E3A1}"
EndProject
Project("{9A19103F-16F7-4668-BE54-9A1E7A4F7556}") = "Prep4", "csharp-prep\Prep4\Prep4.csproj", "{92E77CC1-5CB4-49F2-9808-0B9FD50A188B}"
EndProject
Project("{9A19103F-16F7-4668-BE54-9A1E7A4F7556}") = "Prep5", "csharp-prep\Prep5\Prep5.csproj", "{AA64C438-8853-420E-BCCA-D42869CA7A71}"
EndProject
Project("{2150E333-8FDC-42A3-9474-1A3956D46DE8}") = "final", "final", "{F83EE69A-28CA-4697-A29F-8232DBAF5D73}"
EndProject
Project("{9A19103F-16F7-4668-BE54-9A1E7A4F7556}") = "FinalProject", "final\FinalProject\FinalProject.csproj", "{3BFD843E-3222-49A4-943B-8E9FD2BD968A}"
EndProject
Project("{9A19103F-16F7-4668-BE54-9A1E7A4F7556}") = "Foundation1", "final\Foundation1\Foundation1.csproj", "{5C77134E-38D1-46AF-ABAD-FEFCB497BDB8}"
EndProject
Project("{9A19103F-16F7-4668-BE54-9A1E7A4F7556}") = "Foundation2", "final\Foundation2\Foundation2.csproj", "{718ADE40-D986-4B10-A242-40E926952C20}"
EndProject
Project("{9A19103F-16F7-4668-BE54-9A1E7A4F7556}") = "Foundation3", "final\Foundation3\Foundation3.csproj", "{8B44908D-A9B8-4F76-9DEB-6B4329CE2286}"
EndProject
Project("{9A19103F-16F7-4668-BE54-9A1E7A4F7556}") = "Foundation4", "final\Foundation4\Foundation4.csproj", "{DED10F93-8D87-41D3-83A1-9149B0679878}"
EndProject
Project("{2150E333-8FDC-42A3-9474-1A3956D46DE8}") = "prepare", "prepare", "{88D9243B-F5BB-4532-B20E-F6BFC91A86C5}"
EndProject
Project("{9A19103F-16F7-4668-BE54-9A1E7A4F7556}") = "Learning02", "prepare\Learning02\Learning02.csproj", "{6A6F3FD0-2DFD-4865-BC89-8777411657E9}"
EndProject
Project("{9A19103F-16F7-4668-BE54-9A1E7A4F7556}") = "Learning03", "prepare\Learning03\Learning03.csproj", "{43FD7AC4-4458-406D-8D5E-FD44438227F4}"
EndProject
Project("{9A19103F-16F7-4668-BE54-9A1E7A4F7556}") = "Learning04", "prepare\Learning04\Learning04.csproj", "{FC362CFF-3DDD-4B9F-A0B4-12ADC6494502}"
EndProject
Project("{9A19103F-16F7-4668-BE54-9A1E7A4F7556}") = "Learning05", "prepare\Learning05\Learning05.csproj", "{8D44CF25-2DB1-4745-9118-14128F090615}"
EndProject
Project("{2150E333-8FDC-42A3-9474-1A3956D46DE8}") = "prove", "prove", "{BB64299C-0331-4369-8104-287C7DCAB857}"
EndProject
Project("{9A19103F-16F7-4668-BE54-9A1E7A4F7556}") = "Develop02", "prove\Develop02\Develop02.csproj", "{4A6FF4D2-C4FB-408C-8CD6-71FCBB0A7655}"
EndProject
Project("{9A19103F-16F7-4668-BE54-9A1E7A4F7556}") = "Develop03", "prove\Develop03\Develop03.csproj", "{4E139605-9D2B-4862-ADDD-23EDE8EC3C11}"
EndProject
Project("{9A19103F-16F7-4668-BE54-9A1E7A4F7556}") = "Develop04", "prove\Develop04\Develop04.csproj", "{F3FDBA06-105D-43B5-AA28-F6BDCAA05172}"
EndProject
Project("{9A19103F-16F7-4668-BE54-9A1E7A4F7556}") = "Develop05", "prove\Develop05\Develop05.csproj", "{514F0BEE-FBA8-409B-8A3A-2BBF8AC3C82C}"
EndProject
Project("{2150E333-8FDC-42A3-9474-1A3956D46DE8}") = "sandbox", "sandbox", "{D039911A-6895-4340-BE5B-167A343FA90A}"
EndProject
Project("{9A19103F-16F7-4668-BE54-9A1E7A4F7556}") = "Sandbox", "sandbox\Sandbox\Sandbox.csproj", "{E9C8F42F-6D2B-4F85-A6E7-92530D42DA5C}"
EndProject
Global
	GlobalSection(SolutionConfigurationPlatforms) = preSolution
		Debug|Any CPU = Debug|Any CPU
		Release|Any CPU = Release|Any CPU
	EndGlobalSection
	GlobalSection(ProjectConfigurationPlatforms) = postSolution
		{A06FC6E1-706A-457A-BA9C-2D5709EF2975}.Debug|Any CPU.ActiveCfg = Debug|Any CPU
		{A06FC6E1-706A-457A-BA9C-2D5709EF2975}.Debug|Any CPU.Build.0 = Debug|Any CPU
		{A06FC6E1-706A-457A-BA9C-2D5709EF2975}.Release|Any CPU.ActiveCfg = Release|Any CPU
		{A06FC6E1-706A-457A-BA9C-2D5709EF2975}.Release|Any CPU.Build.0 = Release|Any CPU
		{945E9A27-39EE-48C4-8B5E-2CEDA1E2464F}.Debug|Any CPU.ActiveCfg = Debug|Any CPU
		{945E9A27-39EE-48C4-8B5E-2CEDA1E2464F}.Debug|Any CPU.Build.0 = Debug|Any CPU
		{945E9A27-39EE-48C4-8B5E-2CEDA1E2464F}.Release|Any CPU.ActiveCfg = Release|Any CPU
		{945E9A27-39EE-48C4-8B5E-2CEDA1E2464F}.Release|Any CPU.Build.0 = Release|Any CPU
		{FDAF06FE-A2AA-4680-9319-3AD52AD1E3A1}.Debug|Any CPU.ActiveCfg = Debug|Any CPU
		{FDAF06FE-A2AA-4680-9319-3AD52AD1E3A1}.Debug|Any CPU.Build.0 = Debug|Any CPU
		{FDAF06FE-A2AA-4680-9319-3AD52AD1E3A1}.Release|Any CPU.ActiveCfg = Release|Any CPU
		{FDAF06FE-A2AA-4680-9319-3AD52AD1E3A1}.Release|Any CPU.Build.0 = Release|Any CPU
		{92E77CC1-5CB4-49F2-9808-0B9FD50A188B}.Debug|Any CPU.ActiveCfg = Debug|Any CPU
		{92E77CC1-5CB4-49F2-9808-0B9FD50A188B}.Debug|Any CPU.Build.0 = Debug|Any CPU
		{92E77CC1-5CB4-49F2-9808-0B9FD50A188B}.Release|Any CPU.ActiveCfg = Release|Any CPU
		{92E77CC1-5CB4-49F2-9808-0B9FD50A188B}.Release|Any CPU.Build.0 = Release|Any CPU
		{AA64C438-8853-420E-BCCA-D42869CA7A71}.Debug|Any CPU.ActiveCfg = Debug|Any CPU
		{AA64C438-8853-420E-BCCA-D42869CA7A71}.Debug|Any CPU.Build.0 = Debug|Any CPU
		{AA64C438-8853-420E-BCCA-D42869CA7A71}.Release|Any CPU.ActiveCfg = Release|Any CPU
		{AA64C438-8853-420E-BCCA-D42869CA7A71}.Release|Any CPU.Build.0 = Release|Any CPU
		{3BFD843E-3222-49A4-943B-8E9FD2BD968A}.Debug|Any CPU.ActiveCfg = Debug|Any CPU
		{3BFD843E-3222-49A4-943B-8E9FD2BD968A}.Debug|Any CPU.Build.0 = Debug|Any CPU
		{3BFD843E-3222-49A4-943B-8E9FD2BD968A}.Release|Any CPU.ActiveCfg = Release|Any CPU
		{3BFD843E-3222-49A4-943B-8E9FD2BD968A}.Release|Any CPU.Build.0 = Release|Any CPU
		{5C77134E-38D1-46AF-ABAD-FEFCB497BDB8}.Debug|Any CPU.ActiveCfg = Debug|Any CPU
		{5C77134E-38D1-46AF-ABAD-FEFCB497BDB8}.Debug|Any CPU.Build.0 = Debug|Any CPU
		{5C77134E-38D1-46AF-ABAD-FEFCB497BDB8}.Release|Any CPU.ActiveCfg = Release|Any CPU
		{5C77134E-38D1-46AF-ABAD-FEFCB497BDB8}.Release|Any CPU.Build.0 = Release|Any CPU
		{718ADE40-D986-4B10-A242-40E926952C20}.Debug|Any CPU.ActiveCfg = Debug|Any CPU
		{718ADE40-D986-4B10-A242-40E926952C20}.Debug|Any CPU.Build.0 = Debug|Any CPU
		{718ADE40-D986-4B10-A242-40E926952C20}.Release|Any CPU.ActiveCfg = Release|Any CPU
		{718ADE40-D986-4B10-A242-40E926952C20}.Release|Any CPU.Build.0 = Release|Any CPU
		{8B44908D-A9B8-4F76-9DEB-6B4329CE2286}.Debug|Any CPU.ActiveCfg = Debug|Any CPU
		{8B44908D-A9B8-4F76-9DEB-6B4329CE2286}.Debug|Any CPU.Build.0 = Debug|Any CPU
		{8B44908D-A9B8-4F76-9DEB-6B4329CE2286}.Release|Any CPU.ActiveCfg = Release|Any CPU
		{8B44908D-A9B8-4F76-9DEB-6B4329CE2286}.Release|Any CPU.Build.0 = Release|Any CPU
		{DED10F93-8D87-41D3-83A1-9149B0679878}.Debug|Any CPU.ActiveCfg = Debug|Any CPU
		{DED10F93-8D87-41D3-83A1-9149B0679878}.Debug|Any CPU.Build.0 = Debug|Any CPU
		{DED10F93-8D87-41D3-83A1-9149B0679878}.Release|Any CPU.ActiveCfg = Release|Any CPU
		{DED10F93-8D87-41D3-83A1-9149B0679878}.Release|Any CPU.Build.0 = Release|Any CPU
		{6A6F3FD0-2DFD-4865-BC89-8777411657E9}.Debug|Any CPU.ActiveCfg = Debug|Any CPU
		{6A6F3FD0-2DFD-4865-BC89-8777411657E9}.Debug|Any CPU.Build.0 = Debug|Any CPU
		{6A6F3FD0-2DFD-4865-BC89-8777411657E9}.Release|Any CPU.ActiveCfg = Release|Any CPU
		{6A6F3FD0-2DFD-4865-BC89-8777411657E9}.Release|Any CPU.Build.0 = Release|Any CPU
		{43FD7AC4-4458-406D-8D5E-FD44438227F4}.Debug|Any CPU.ActiveCfg = Debug|Any CPU
		{43FD7AC4-4458-406D-8D5E-FD44438227F4}.Debug|Any CPU.Build.0 = Debug|Any CPU
		{43FD7AC4-4458-406D-8D5E-FD44438227F4}.Release|Any CPU.ActiveCfg = Release|Any CPU
		{43FD7AC4-4458-406D-8D5E-FD44438227F4}.Release|Any CPU.Build.0 = Release|Any CPU
		{FC362CFF-3DDD-4B9F-A0B4-12ADC6494502}.Debug|Any CPU.ActiveCfg = Debug|Any CPU
		{FC362CFF-3DDD-4B9F-A0B4-12ADC6494502}.Debug|Any CPU.Build.0 = Debug|Any CPU
		{FC362CFF-3DDD-4B9F-A0B4-12ADC6494502}.Release|Any CPU.ActiveCfg = Release|Any CPU
		{FC362CFF-3DDD-4B9F-A0B4-12ADC6494502}.Release|Any CPU.Build.0 = Release|Any CPU
		{8D44CF25-2DB1-4745-9118-14128F090615}.Debug|Any CPU.ActiveCfg = Debug|Any CPU
		{8D44CF25-2DB1-4745-9118-14128F090615}.Debug|Any CPU.Build.0 = Debug|Any CPU
		{8D44CF25-2DB1-4745-9118-14128F090615}.Release|Any CPU.ActiveCfg = Release|Any CPU
		{8D44CF25-2DB1-4745-9118-14128F090615}.Release|Any CPU.Build.0 = Release|Any CPU
		{4A6FF4D2-C4FB-408C-8CD6-71FCBB0A7655}.Debug|Any CPU.ActiveCfg = Debug|Any CPU
		{4A6FF4D2-C4FB-408C-8CD6-71FCBB0A7655}.Debug|Any CPU.Build.0 = Debug|Any CPU
		{4A6FF4D2-C4FB-408C-8CD6-71FCBB0A7655}.Release|Any CPU.ActiveCfg = Release|Any CPU
		{4A6FF4D2-C4FB-408C-8CD6-71FCBB0A7655}.Release|Any CPU.Build.0 = Release|Any CPU
		{4E139605-9D2B-4862-ADDD-23EDE8EC3C11}.Debug|Any CPU.ActiveCfg = Debug|Any CPU
		{4E139605-9D2B-4862-ADDD-23EDE8EC3C11}.Debug|Any CPU.Build.0 = Debug|Any CPU
		{4E139605-9D2B-4862-ADDD-23EDE8EC3C11}.Release|Any CPU.ActiveCfg = Release|Any CPU
		{4E139605-9D2B-4862-ADDD-23EDE8EC3C11}.Release|Any CPU.Build.0 = Release|Any CPU
		{F3FDBA06-105D-43B5-AA28-F6BDCAA05172}.Debug|Any CPU.ActiveCfg = Debug|Any CPU
		{F3FDBA06-105D-43B5-AA28-F6BDCAA05172}.Debug|Any CPU.Build.0 = Debug|Any CPU
		{F3FDBA06-105D-43B5-AA28-F6BDCAA05172}.Release|Any CPU.ActiveCfg = Release|Any CPU
		{F3FDBA06-105D-43B5-AA28-F6BDCAA05172}.Release|Any CPU.Build.0 = Release|Any CPU
		{514F0BEE-FBA8-409B-8A3A-2BBF8AC3C82C}.Debug|Any CPU.ActiveCfg = Debug|Any CPU
		{514F0BEE-FBA8-409B-8A3A-2BBF8AC3C82C}.Debug|Any CPU.Build.0 = Debug|Any CPU
		{514F0BEE-FBA8-409B-8A3A-2BBF8AC3C82C}.Release|Any CPU.ActiveCfg = Release|Any CPU
		{514F0BEE-FBA8-409B-8A3A-2BBF8AC3C82C}.Release|Any CPU.Build.0 = Release|Any CPU
		{E9C8F42F-6D2B-4F85-A6E7-92530D42DA5C}.Debug|Any CPU.ActiveCfg = Debug|Any CPU
		{E9C8F42F-6D2B-4F85-A6E7-92530D42DA5C}.Debug|Any CPU.Build.0 = Debug|Any CPU
		{E9C8F42F-6D2B-4F85-A6E7-92530D42DA5C}.Release|Any CPU.ActiveCfg = Release|Any CPU
		{E9C8F42F-6D2B-4F85-A6E7-92530D42DA5C}.Release|Any CPU.Build.0 = Release|Any CPU
	EndGlobalSection
	GlobalSection(SolutionProperties) = preSolution
		HideSolutionNode = FALSE
	EndGlobalSection
	GlobalSection(NestedProjects) = preSolution
		{A06FC6E1-706A-457A-BA9C-2D5709EF2975} = {76BB0B9D-66BC-4518-860D-F7F2B1946415}
		{945E9A27-39EE-48C4-8B5E-2CEDA1E2464F} = {76BB0B9D-66BC-4518-860D-F7F2B1946415}
		{FDAF06FE-A2AA-4680-9319-3AD52AD1E3A1} = {76BB0B9D-66BC-4518-860D-F7F2B1946415}
		{92E77CC1-5CB4-49F2-9808-0B9FD50A188B} = {76BB0B9D-66BC-4518-860D-F7F2B1946415}
		{AA64C438-8853-420E-BCCA-D42869CA7A71} = {76BB0B9D-66BC-4518-860D-F7F2B1946415}
		{3BFD843E-3222-49A4-943B-8E9FD2BD968A} = {F83EE69A-28CA-4697-A29F-8232DBAF5D73}
		{5C77134E-38D1-46AF-ABAD-FEFCB497BDB8} = {F83EE69A-28CA-4697-A29F-8232DBAF5D73}
		{718ADE40-D986-4B10-A242-40E926952C20} = {F83EE69A-28CA-4697-A29F-8232DBAF5D73}
		{8B44908D-A9B8-4F76-9DEB-6B4329CE2286} = {F83EE69A-28CA-4697-A29F-8232DBAF5D73}
		{DED10F93-8D87-41D3-83A1-9149B0679878} = {F83EE69A-28CA-4697-A29F-8232DBAF5D73}
		{6A6F3FD0-2DFD-4865-BC89-8777411657E9} = {88D9243B-F5BB-4532-B20E-F6BFC91A86C5}
		{43FD7AC4-4458-406D-8D5E-FD44438227F4} = {88D9243B-F5BB-4532-B20E-F6BFC91A86C5}
		{FC362CFF-3DDD-4B9F-A0B4-12ADC6494502} = {88D9243B-F5BB-4532-B20E-F6BFC91A86C5}
		{8D44CF25-2DB1-4745-9118-14128F090615} = {88D9243B-F5BB-4532-B20E-F6BFC91A86C5}
		{4A6FF4D2-C4FB-408C-8CD6-71FCBB0A7655} = {BB64299C-0331-4369-8104-287C7DCAB857}
		{4E139605-9D2B-4862-ADDD-23EDE8EC3C11} = {BB64299C-0331-4369-8104-287C7DCAB857}
		{F3FDBA06-105D-43B5-AA28-F6BDCAA05172} = {BB64299C-0331-4369-8104-287C7DCAB857}
		{514F0BEE-FBA8-409B-8A3A-2BBF8AC3C82C} = {BB64299C-0331-4369-8104-287C7DCAB857}
		{E9C8F42F-6D2B-4F85-A6E7-92530D42DA5C} = {D039911A-6895-4340-BE5B-167A343FA90A}
	EndGlobalSection
	GlobalSection(ExtensibilityGlobals) = postSolution
		SolutionGuid = {64132F7D-AA3C-4C11-A64F-5F4EC49EA1D5}
	EndGlobalSection
EndGlobal
