
Microsoft Visual Studio Solution File, Format Version 12.00
# Visual Studio Version 17
VisualStudioVersion = 17.5.002.0
MinimumVisualStudioVersion = 10.0.40219.1
Project("{2150E333-8FDC-42A3-9474-1A3956D46DE8}") = "csharp-prep", "csharp-prep", "{D630D64E-6293-4AD6-B4D8-526B2C5E8E1B}"
EndProject
Project("{9A19103F-16F7-4668-BE54-9A1E7A4F7556}") = "Prep1", "csharp-prep\Prep1\Prep1.csproj", "{1A8ABE57-306C-49B9-94AB-A7A2427A415A}"
EndProject
Project("{9A19103F-16F7-4668-BE54-9A1E7A4F7556}") = "Prep2", "csharp-prep\Prep2\Prep2.csproj", "{AAEA0BAC-C7DC-459F-8BE9-E79089839770}"
EndProject
Project("{9A19103F-16F7-4668-BE54-9A1E7A4F7556}") = "Prep3", "csharp-prep\Prep3\Prep3.csproj", "{A24A6247-3E20-4CDB-A4A0-76CE94BEBA69}"
EndProject
Project("{9A19103F-16F7-4668-BE54-9A1E7A4F7556}") = "Prep4", "csharp-prep\Prep4\Prep4.csproj", "{903A330F-964C-41E0-BB97-859B332FA60D}"
EndProject
Project("{9A19103F-16F7-4668-BE54-9A1E7A4F7556}") = "Prep5", "csharp-prep\Prep5\Prep5.csproj", "{5D06D2E9-0B7E-4F3C-9348-2B25B7845BA5}"
EndProject
Project("{2150E333-8FDC-42A3-9474-1A3956D46DE8}") = "final", "final", "{AAF8204A-AF3E-4CC5-9075-5A3D63E101BC}"
EndProject
Project("{9A19103F-16F7-4668-BE54-9A1E7A4F7556}") = "FinalProject", "final\FinalProject\FinalProject.csproj", "{B4DE5AA0-816D-4F09-ACF1-8196E648E160}"
EndProject
Project("{9A19103F-16F7-4668-BE54-9A1E7A4F7556}") = "Foundation1", "final\Foundation1\Foundation1.csproj", "{D37EC101-CCFC-4621-AF78-963E109E2D40}"
EndProject
Project("{9A19103F-16F7-4668-BE54-9A1E7A4F7556}") = "Foundation2", "final\Foundation2\Foundation2.csproj", "{7B6F6C20-11D8-4838-91DB-95632B7123AB}"
EndProject
Project("{9A19103F-16F7-4668-BE54-9A1E7A4F7556}") = "Foundation3", "final\Foundation3\Foundation3.csproj", "{F077BD81-3180-42D4-958A-7F4AE2E4CEDE}"
EndProject
Project("{9A19103F-16F7-4668-BE54-9A1E7A4F7556}") = "Foundation4", "final\Foundation4\Foundation4.csproj", "{A32CF2DB-F35D-4619-B503-02338B76EE76}"
EndProject
Project("{2150E333-8FDC-42A3-9474-1A3956D46DE8}") = "prepare", "prepare", "{02BEF29E-9F63-4740-93A5-8BCF2E5B768B}"
EndProject
Project("{9A19103F-16F7-4668-BE54-9A1E7A4F7556}") = "Learning02", "prepare\Learning02\Learning02.csproj", "{F5BFC02F-42FC-49CA-9077-D1AECCE42DCC}"
EndProject
Project("{9A19103F-16F7-4668-BE54-9A1E7A4F7556}") = "Learning03", "prepare\Learning03\Learning03.csproj", "{5713178A-0D4C-4A21-8F98-26EC04CF8B84}"
EndProject
Project("{9A19103F-16F7-4668-BE54-9A1E7A4F7556}") = "Learning04", "prepare\Learning04\Learning04.csproj", "{12C956B1-572D-4EE2-AAE4-ED62BB33D61D}"
EndProject
Project("{9A19103F-16F7-4668-BE54-9A1E7A4F7556}") = "Learning05", "prepare\Learning05\Learning05.csproj", "{53BBE99C-4210-4C38-8BB0-46AB2388D099}"
EndProject
Project("{2150E333-8FDC-42A3-9474-1A3956D46DE8}") = "prove", "prove", "{03F6E0CF-CBCF-46EB-BD0F-66641D16FBCC}"
EndProject
Project("{9A19103F-16F7-4668-BE54-9A1E7A4F7556}") = "Develop02", "prove\Develop02\Develop02.csproj", "{5A0BFB67-947B-48F8-84D6-7A10BFCE8285}"
EndProject
Project("{9A19103F-16F7-4668-BE54-9A1E7A4F7556}") = "Develop03", "prove\Develop03\Develop03.csproj", "{882E98F1-194A-4DE3-9CC6-F960A7CA1E37}"
EndProject
Project("{9A19103F-16F7-4668-BE54-9A1E7A4F7556}") = "Develop04", "prove\Develop04\Develop04.csproj", "{0E9AA32C-A89E-4E34-B969-9F3F55831525}"
EndProject
Project("{9A19103F-16F7-4668-BE54-9A1E7A4F7556}") = "Develop05", "prove\Develop05\Develop05.csproj", "{110899E7-1778-4957-B2F5-140CF8A1938A}"
EndProject
Project("{2150E333-8FDC-42A3-9474-1A3956D46DE8}") = "sandbox", "sandbox", "{01DB4EA5-065B-453F-BF76-7EBCCEFA0C1D}"
EndProject
Project("{9A19103F-16F7-4668-BE54-9A1E7A4F7556}") = "Sandbox", "sandbox\Sandbox\Sandbox.csproj", "{9E8D90CC-57F1-4E31-9BEF-EA5B3A67DCEB}"
EndProject
Global
	GlobalSection(SolutionConfigurationPlatforms) = preSolution
		Debug|Any CPU = Debug|Any CPU
		Release|Any CPU = Release|Any CPU
	EndGlobalSection
	GlobalSection(ProjectConfigurationPlatforms) = postSolution
		{1A8ABE57-306C-49B9-94AB-A7A2427A415A}.Debug|Any CPU.ActiveCfg = Debug|Any CPU
		{1A8ABE57-306C-49B9-94AB-A7A2427A415A}.Debug|Any CPU.Build.0 = Debug|Any CPU
		{1A8ABE57-306C-49B9-94AB-A7A2427A415A}.Release|Any CPU.ActiveCfg = Release|Any CPU
		{1A8ABE57-306C-49B9-94AB-A7A2427A415A}.Release|Any CPU.Build.0 = Release|Any CPU
		{AAEA0BAC-C7DC-459F-8BE9-E79089839770}.Debug|Any CPU.ActiveCfg = Debug|Any CPU
		{AAEA0BAC-C7DC-459F-8BE9-E79089839770}.Debug|Any CPU.Build.0 = Debug|Any CPU
		{AAEA0BAC-C7DC-459F-8BE9-E79089839770}.Release|Any CPU.ActiveCfg = Release|Any CPU
		{AAEA0BAC-C7DC-459F-8BE9-E79089839770}.Release|Any CPU.Build.0 = Release|Any CPU
		{A24A6247-3E20-4CDB-A4A0-76CE94BEBA69}.Debug|Any CPU.ActiveCfg = Debug|Any CPU
		{A24A6247-3E20-4CDB-A4A0-76CE94BEBA69}.Debug|Any CPU.Build.0 = Debug|Any CPU
		{A24A6247-3E20-4CDB-A4A0-76CE94BEBA69}.Release|Any CPU.ActiveCfg = Release|Any CPU
		{A24A6247-3E20-4CDB-A4A0-76CE94BEBA69}.Release|Any CPU.Build.0 = Release|Any CPU
		{903A330F-964C-41E0-BB97-859B332FA60D}.Debug|Any CPU.ActiveCfg = Debug|Any CPU
		{903A330F-964C-41E0-BB97-859B332FA60D}.Debug|Any CPU.Build.0 = Debug|Any CPU
		{903A330F-964C-41E0-BB97-859B332FA60D}.Release|Any CPU.ActiveCfg = Release|Any CPU
		{903A330F-964C-41E0-BB97-859B332FA60D}.Release|Any CPU.Build.0 = Release|Any CPU
		{5D06D2E9-0B7E-4F3C-9348-2B25B7845BA5}.Debug|Any CPU.ActiveCfg = Debug|Any CPU
		{5D06D2E9-0B7E-4F3C-9348-2B25B7845BA5}.Debug|Any CPU.Build.0 = Debug|Any CPU
		{5D06D2E9-0B7E-4F3C-9348-2B25B7845BA5}.Release|Any CPU.ActiveCfg = Release|Any CPU
		{5D06D2E9-0B7E-4F3C-9348-2B25B7845BA5}.Release|Any CPU.Build.0 = Release|Any CPU
		{B4DE5AA0-816D-4F09-ACF1-8196E648E160}.Debug|Any CPU.ActiveCfg = Debug|Any CPU
		{B4DE5AA0-816D-4F09-ACF1-8196E648E160}.Debug|Any CPU.Build.0 = Debug|Any CPU
		{B4DE5AA0-816D-4F09-ACF1-8196E648E160}.Release|Any CPU.ActiveCfg = Release|Any CPU
		{B4DE5AA0-816D-4F09-ACF1-8196E648E160}.Release|Any CPU.Build.0 = Release|Any CPU
		{D37EC101-CCFC-4621-AF78-963E109E2D40}.Debug|Any CPU.ActiveCfg = Debug|Any CPU
		{D37EC101-CCFC-4621-AF78-963E109E2D40}.Debug|Any CPU.Build.0 = Debug|Any CPU
		{D37EC101-CCFC-4621-AF78-963E109E2D40}.Release|Any CPU.ActiveCfg = Release|Any CPU
		{D37EC101-CCFC-4621-AF78-963E109E2D40}.Release|Any CPU.Build.0 = Release|Any CPU
		{7B6F6C20-11D8-4838-91DB-95632B7123AB}.Debug|Any CPU.ActiveCfg = Debug|Any CPU
		{7B6F6C20-11D8-4838-91DB-95632B7123AB}.Debug|Any CPU.Build.0 = Debug|Any CPU
		{7B6F6C20-11D8-4838-91DB-95632B7123AB}.Release|Any CPU.ActiveCfg = Release|Any CPU
		{7B6F6C20-11D8-4838-91DB-95632B7123AB}.Release|Any CPU.Build.0 = Release|Any CPU
		{F077BD81-3180-42D4-958A-7F4AE2E4CEDE}.Debug|Any CPU.ActiveCfg = Debug|Any CPU
		{F077BD81-3180-42D4-958A-7F4AE2E4CEDE}.Debug|Any CPU.Build.0 = Debug|Any CPU
		{F077BD81-3180-42D4-958A-7F4AE2E4CEDE}.Release|Any CPU.ActiveCfg = Release|Any CPU
		{F077BD81-3180-42D4-958A-7F4AE2E4CEDE}.Release|Any CPU.Build.0 = Release|Any CPU
		{A32CF2DB-F35D-4619-B503-02338B76EE76}.Debug|Any CPU.ActiveCfg = Debug|Any CPU
		{A32CF2DB-F35D-4619-B503-02338B76EE76}.Debug|Any CPU.Build.0 = Debug|Any CPU
		{A32CF2DB-F35D-4619-B503-02338B76EE76}.Release|Any CPU.ActiveCfg = Release|Any CPU
		{A32CF2DB-F35D-4619-B503-02338B76EE76}.Release|Any CPU.Build.0 = Release|Any CPU
		{F5BFC02F-42FC-49CA-9077-D1AECCE42DCC}.Debug|Any CPU.ActiveCfg = Debug|Any CPU
		{F5BFC02F-42FC-49CA-9077-D1AECCE42DCC}.Debug|Any CPU.Build.0 = Debug|Any CPU
		{F5BFC02F-42FC-49CA-9077-D1AECCE42DCC}.Release|Any CPU.ActiveCfg = Release|Any CPU
		{F5BFC02F-42FC-49CA-9077-D1AECCE42DCC}.Release|Any CPU.Build.0 = Release|Any CPU
		{5713178A-0D4C-4A21-8F98-26EC04CF8B84}.Debug|Any CPU.ActiveCfg = Debug|Any CPU
		{5713178A-0D4C-4A21-8F98-26EC04CF8B84}.Debug|Any CPU.Build.0 = Debug|Any CPU
		{5713178A-0D4C-4A21-8F98-26EC04CF8B84}.Release|Any CPU.ActiveCfg = Release|Any CPU
		{5713178A-0D4C-4A21-8F98-26EC04CF8B84}.Release|Any CPU.Build.0 = Release|Any CPU
		{12C956B1-572D-4EE2-AAE4-ED62BB33D61D}.Debug|Any CPU.ActiveCfg = Debug|Any CPU
		{12C956B1-572D-4EE2-AAE4-ED62BB33D61D}.Debug|Any CPU.Build.0 = Debug|Any CPU
		{12C956B1-572D-4EE2-AAE4-ED62BB33D61D}.Release|Any CPU.ActiveCfg = Release|Any CPU
		{12C956B1-572D-4EE2-AAE4-ED62BB33D61D}.Release|Any CPU.Build.0 = Release|Any CPU
		{53BBE99C-4210-4C38-8BB0-46AB2388D099}.Debug|Any CPU.ActiveCfg = Debug|Any CPU
		{53BBE99C-4210-4C38-8BB0-46AB2388D099}.Debug|Any CPU.Build.0 = Debug|Any CPU
		{53BBE99C-4210-4C38-8BB0-46AB2388D099}.Release|Any CPU.ActiveCfg = Release|Any CPU
		{53BBE99C-4210-4C38-8BB0-46AB2388D099}.Release|Any CPU.Build.0 = Release|Any CPU
		{5A0BFB67-947B-48F8-84D6-7A10BFCE8285}.Debug|Any CPU.ActiveCfg = Debug|Any CPU
		{5A0BFB67-947B-48F8-84D6-7A10BFCE8285}.Debug|Any CPU.Build.0 = Debug|Any CPU
		{5A0BFB67-947B-48F8-84D6-7A10BFCE8285}.Release|Any CPU.ActiveCfg = Release|Any CPU
		{5A0BFB67-947B-48F8-84D6-7A10BFCE8285}.Release|Any CPU.Build.0 = Release|Any CPU
		{882E98F1-194A-4DE3-9CC6-F960A7CA1E37}.Debug|Any CPU.ActiveCfg = Debug|Any CPU
		{882E98F1-194A-4DE3-9CC6-F960A7CA1E37}.Debug|Any CPU.Build.0 = Debug|Any CPU
		{882E98F1-194A-4DE3-9CC6-F960A7CA1E37}.Release|Any CPU.ActiveCfg = Release|Any CPU
		{882E98F1-194A-4DE3-9CC6-F960A7CA1E37}.Release|Any CPU.Build.0 = Release|Any CPU
		{0E9AA32C-A89E-4E34-B969-9F3F55831525}.Debug|Any CPU.ActiveCfg = Debug|Any CPU
		{0E9AA32C-A89E-4E34-B969-9F3F55831525}.Debug|Any CPU.Build.0 = Debug|Any CPU
		{0E9AA32C-A89E-4E34-B969-9F3F55831525}.Release|Any CPU.ActiveCfg = Release|Any CPU
		{0E9AA32C-A89E-4E34-B969-9F3F55831525}.Release|Any CPU.Build.0 = Release|Any CPU
		{110899E7-1778-4957-B2F5-140CF8A1938A}.Debug|Any CPU.ActiveCfg = Debug|Any CPU
		{110899E7-1778-4957-B2F5-140CF8A1938A}.Debug|Any CPU.Build.0 = Debug|Any CPU
		{110899E7-1778-4957-B2F5-140CF8A1938A}.Release|Any CPU.ActiveCfg = Release|Any CPU
		{110899E7-1778-4957-B2F5-140CF8A1938A}.Release|Any CPU.Build.0 = Release|Any CPU
		{9E8D90CC-57F1-4E31-9BEF-EA5B3A67DCEB}.Debug|Any CPU.ActiveCfg = Debug|Any CPU
		{9E8D90CC-57F1-4E31-9BEF-EA5B3A67DCEB}.Debug|Any CPU.Build.0 = Debug|Any CPU
		{9E8D90CC-57F1-4E31-9BEF-EA5B3A67DCEB}.Release|Any CPU.ActiveCfg = Release|Any CPU
		{9E8D90CC-57F1-4E31-9BEF-EA5B3A67DCEB}.Release|Any CPU.Build.0 = Release|Any CPU
	EndGlobalSection
	GlobalSection(SolutionProperties) = preSolution
		HideSolutionNode = FALSE
	EndGlobalSection
	GlobalSection(NestedProjects) = preSolution
		{1A8ABE57-306C-49B9-94AB-A7A2427A415A} = {D630D64E-6293-4AD6-B4D8-526B2C5E8E1B}
		{AAEA0BAC-C7DC-459F-8BE9-E79089839770} = {D630D64E-6293-4AD6-B4D8-526B2C5E8E1B}
		{A24A6247-3E20-4CDB-A4A0-76CE94BEBA69} = {D630D64E-6293-4AD6-B4D8-526B2C5E8E1B}
		{903A330F-964C-41E0-BB97-859B332FA60D} = {D630D64E-6293-4AD6-B4D8-526B2C5E8E1B}
		{5D06D2E9-0B7E-4F3C-9348-2B25B7845BA5} = {D630D64E-6293-4AD6-B4D8-526B2C5E8E1B}
		{B4DE5AA0-816D-4F09-ACF1-8196E648E160} = {AAF8204A-AF3E-4CC5-9075-5A3D63E101BC}
		{D37EC101-CCFC-4621-AF78-963E109E2D40} = {AAF8204A-AF3E-4CC5-9075-5A3D63E101BC}
		{7B6F6C20-11D8-4838-91DB-95632B7123AB} = {AAF8204A-AF3E-4CC5-9075-5A3D63E101BC}
		{F077BD81-3180-42D4-958A-7F4AE2E4CEDE} = {AAF8204A-AF3E-4CC5-9075-5A3D63E101BC}
		{A32CF2DB-F35D-4619-B503-02338B76EE76} = {AAF8204A-AF3E-4CC5-9075-5A3D63E101BC}
		{F5BFC02F-42FC-49CA-9077-D1AECCE42DCC} = {02BEF29E-9F63-4740-93A5-8BCF2E5B768B}
		{5713178A-0D4C-4A21-8F98-26EC04CF8B84} = {02BEF29E-9F63-4740-93A5-8BCF2E5B768B}
		{12C956B1-572D-4EE2-AAE4-ED62BB33D61D} = {02BEF29E-9F63-4740-93A5-8BCF2E5B768B}
		{53BBE99C-4210-4C38-8BB0-46AB2388D099} = {02BEF29E-9F63-4740-93A5-8BCF2E5B768B}
		{5A0BFB67-947B-48F8-84D6-7A10BFCE8285} = {03F6E0CF-CBCF-46EB-BD0F-66641D16FBCC}
		{882E98F1-194A-4DE3-9CC6-F960A7CA1E37} = {03F6E0CF-CBCF-46EB-BD0F-66641D16FBCC}
		{0E9AA32C-A89E-4E34-B969-9F3F55831525} = {03F6E0CF-CBCF-46EB-BD0F-66641D16FBCC}
		{110899E7-1778-4957-B2F5-140CF8A1938A} = {03F6E0CF-CBCF-46EB-BD0F-66641D16FBCC}
		{9E8D90CC-57F1-4E31-9BEF-EA5B3A67DCEB} = {01DB4EA5-065B-453F-BF76-7EBCCEFA0C1D}
	EndGlobalSection
	GlobalSection(ExtensibilityGlobals) = postSolution
		SolutionGuid = {9EDA3ABC-F7C6-4E07-99EB-F3BA67DD2F12}
	EndGlobalSection
EndGlobal
